
Microsoft Visual Studio Solution File, Format Version 12.00
# Visual Studio 15
Project("{FAE04EC0-301F-11D3-BF4B-00C04F79EFBC}") = "DeCamp", "Assembly-CSharp.csproj", "{4CAA068A-7A13-D9C3-B3D5-648FA3930E5A}"
EndProject
Project("{FAE04EC0-301F-11D3-BF4B-00C04F79EFBC}") = "DeCamp", "Assembly-CSharp-Editor.csproj", "{F2BFC8F6-42FB-9908-B739-857B6ABD0F09}"
EndProject
Global
	GlobalSection(SolutionConfigurationPlatforms) = preSolution
		Debug|Any CPU = Debug|Any CPU
		Release|Any CPU = Release|Any CPU
	EndGlobalSection
	GlobalSection(ProjectConfigurationPlatforms) = postSolution
		{4CAA068A-7A13-D9C3-B3D5-648FA3930E5A}.Debug|Any CPU.ActiveCfg = Debug|Any CPU
		{4CAA068A-7A13-D9C3-B3D5-648FA3930E5A}.Debug|Any CPU.Build.0 = Debug|Any CPU
		{4CAA068A-7A13-D9C3-B3D5-648FA3930E5A}.Release|Any CPU.ActiveCfg = Release|Any CPU
		{4CAA068A-7A13-D9C3-B3D5-648FA3930E5A}.Release|Any CPU.Build.0 = Release|Any CPU
		{F2BFC8F6-42FB-9908-B739-857B6ABD0F09}.Debug|Any CPU.ActiveCfg = Debug|Any CPU
		{F2BFC8F6-42FB-9908-B739-857B6ABD0F09}.Debug|Any CPU.Build.0 = Debug|Any CPU
		{F2BFC8F6-42FB-9908-B739-857B6ABD0F09}.Release|Any CPU.ActiveCfg = Release|Any CPU
		{F2BFC8F6-42FB-9908-B739-857B6ABD0F09}.Release|Any CPU.Build.0 = Release|Any CPU
	EndGlobalSection
	GlobalSection(SolutionProperties) = preSolution
		HideSolutionNode = FALSE
	EndGlobalSection
EndGlobal
